
Microsoft Visual Studio Solution File, Format Version 12.00
# Visual Studio 15
VisualStudioVersion = 15.0.28307.421
MinimumVisualStudioVersion = 10.0.40219.1
Project("{8BC9CEB8-8B4A-11D0-8D11-00A0C91BC942}") = "river sizes", "river sizes\river sizes.vcxproj", "{31A3D26A-AAE3-40B8-831A-556C54A76828}"
EndProject
Global
	GlobalSection(SolutionConfigurationPlatforms) = preSolution
		Debug|x64 = Debug|x64
		Debug|x86 = Debug|x86
		Release|x64 = Release|x64
		Release|x86 = Release|x86
	EndGlobalSection
	GlobalSection(ProjectConfigurationPlatforms) = postSolution
		{31A3D26A-AAE3-40B8-831A-556C54A76828}.Debug|x64.ActiveCfg = Debug|x64
		{31A3D26A-AAE3-40B8-831A-556C54A76828}.Debug|x64.Build.0 = Debug|x64
		{31A3D26A-AAE3-40B8-831A-556C54A76828}.Debug|x86.ActiveCfg = Debug|Win32
		{31A3D26A-AAE3-40B8-831A-556C54A76828}.Debug|x86.Build.0 = Debug|Win32
		{31A3D26A-AAE3-40B8-831A-556C54A76828}.Release|x64.ActiveCfg = Release|x64
		{31A3D26A-AAE3-40B8-831A-556C54A76828}.Release|x64.Build.0 = Release|x64
		{31A3D26A-AAE3-40B8-831A-556C54A76828}.Release|x86.ActiveCfg = Release|Win32
		{31A3D26A-AAE3-40B8-831A-556C54A76828}.Release|x86.Build.0 = Release|Win32
	EndGlobalSection
	GlobalSection(SolutionProperties) = preSolution
		HideSolutionNode = FALSE
	EndGlobalSection
	GlobalSection(ExtensibilityGlobals) = postSolution
		SolutionGuid = {88F726AE-7134-454A-87ED-505973ED56D0}
	EndGlobalSection
EndGlobal
